version = 1
revision = 3
requires-python = ">=3.12"

[[package]]
name = "annotated-doc"
version = "0.0.4"
source = { registry = "https://pypi.org/simple" }
sdist = { url = "https://files.pythonhosted.org/packages/57/ba/046ceea27344560984e26a590f90bc7f4a75b06701f653222458922b558c/annotated_doc-0.0.4.tar.gz", hash = "sha256:fbcda96e87e9c92ad167c2e53839e57503ecfda18804ea28102353485033faa4", size = 7288, upload-time = "2025-11-10T22:07:42.062Z" }
wheels = [
    { url = "https://files.pythonhosted.org/packages/1e/d3/26bf1008eb3d2daa8ef4cacc7f3bfdc11818d111f7e2d0201bc6e3b49d45/annotated_doc-0.0.4-py3-none-any.whl", hash = "sha256:571ac1dc6991c450b25a9c2d84a3705e2ae7a53467b5d111c24fa8baabbed320", size = 5303, upload-time = "2025-11-10T22:07:40.673Z" },
]

[[package]]
name = "click"
version = "8.4.1"
source = { registry = "https://pypi.org/simple" }
dependencies = [
    { name = "colorama", marker = "sys_platform == 'win32'" },
]
sdist = { url = "https://files.pythonhosted.org/packages/9b/98/518d8e5081007684232226f475082b30087d0f585e8457db087298259f49/click-8.4.1.tar.gz", hash = "sha256:918b5633eddf6b41c32d4f454bf0de810065c74e3f7dbf8ee5452f8be88d3e96", size = 353007, upload-time = "2026-05-22T04:08:37.769Z" }
wheels = [
    { url = "https://files.pythonhosted.org/packages/c7/0d/67e5b4109ea4a837e80daa87c2c696711955e40449a97e8926672534def2/click-8.4.1-py3-none-any.whl", hash = "sha256:482be17c6991b8c19c5429a1e995d9b0efdbb63172824c41f99965dc0ade8ec2", size = 116639, upload-time = "2026-05-22T04:08:35.26Z" },
]

[[package]]
name = "colorama"
version = "0.4.6"
source = { registry = "https://download.pytorch.org/whl/cu118" }
wheels = [
    { url = "https://download.pytorch.org/whl/colorama-0.4.6-py2.py3-none-any.whl", hash = "sha256:4f1d9991f5acc0ca119f9d443620b77f9d6b33703e51011c16baf57afb285fc6", upload-time = "2023-10-05T23:50:34Z" },
]

[[package]]
name = "dynaconf"
version = "3.2.13"
source = { registry = "https://pypi.org/simple" }
sdist = { url = "https://files.pythonhosted.org/packages/57/0e/05927cf459e73f8bf9a9277cbea6f2d5b7db8a5cc9dc1e20e7a5fbac1b90/dynaconf-3.2.13.tar.gz", hash = "sha256:d79e0189d97b3f226b8ebb1717e2ce05d1a05cdf6ea05de66d24625fdb5a0cbd", size = 283507, upload-time = "2026-03-17T19:38:47.632Z" }
wheels = [
    { url = "https://files.pythonhosted.org/packages/97/43/11d6e5d2c00bf000b5329717c74563bf76a9193f4a41cb0c4ef277dde4fa/dynaconf-3.2.13-py2.py3-none-any.whl", hash = "sha256:4305527aef4834bdba3e39479b23c005186e83fb85f65bcaa4bcea58fa26759b", size = 238041, upload-time = "2026-03-17T19:38:45.337Z" },
]

[[package]]
name = "fdi-pln-2614-p5"
version = "1.0"
source = { editable = "." }
dependencies = [
    { name = "click" },
    { name = "dynaconf" },
    { name = "loguru" },
    { name = "numpy" },
    { name = "python-dotenv" },
    { name = "rich" },
    { name = "torch" },
    { name = "typer" },
]

[package.metadata]
requires-dist = [
    { name = "click", specifier = ">=8.1.7" },
    { name = "dynaconf", specifier = ">=3.2.5" },
    { name = "loguru", specifier = ">=0.7.3" },
    { name = "numpy", specifier = "<2" },
    { name = "python-dotenv", specifier = ">=1.0.1" },
    { name = "rich", specifier = ">=13.7.1" },
    { name = "torch", specifier = "==2.2.2+cu118" },
    { name = "typer", specifier = ">=0.12.3" },
]

[[package]]
name = "filelock"
version = "3.25.2"
source = { registry = "https://download.pytorch.org/whl/cu118" }
sdist = { url = "https://files.pythonhosted.org/packages/94/b8/00651a0f559862f3bb7d6f7477b192afe3f583cc5e26403b44e59a55ab34/filelock-3.25.2.tar.gz", hash = "sha256:b64ece2b38f4ca29dd3e810287aa8c48182bbecd1ae6e9ae126c9b35f1382694" }
wheels = [
    { url = "https://files.pythonhosted.org/packages/a4/a5/842ae8f0c08b61d6484b52f99a03510a3a72d23141942d216ebe81fefbce/filelock-3.25.2-py3-none-any.whl", hash = "sha256:ca8afb0da15f229774c9ad1b455ed96e85a81373065fb10446672f64444ddf70" },
]

[[package]]
name = "fsspec"
version = "2026.2.0"
source = { registry = "https://download.pytorch.org/whl/cu118" }
sdist = { url = "https://files.pythonhosted.org/packages/51/7c/f60c259dcbf4f0c47cc4ddb8f7720d2dcdc8888c8e5ad84c73ea4531cc5b/fsspec-2026.2.0.tar.gz", hash = "sha256:6544e34b16869f5aacd5b90bdf1a71acb37792ea3ddf6125ee69a22a53fb8bff" }
wheels = [
    { url = "https://files.pythonhosted.org/packages/e6/ab/fb21f4c939bb440104cc2b396d3be1d9b7a9fd3c6c2a53d98c45b3d7c954/fsspec-2026.2.0-py3-none-any.whl", hash = "sha256:98de475b5cb3bd66bedd5c4679e87b4fdfe1a3bf4d707b151b3c07e58c9a2437" },
]

[[package]]
name = "jinja2"
version = "3.1.6"
source = { registry = "https://download.pytorch.org/whl/cu118" }
dependencies = [
    { name = "markupsafe" },
]
wheels = [
    { url = "https://download.pytorch.org/whl/jinja2-3.1.6-py3-none-any.whl", upload-time = "2025-10-14T18:38:59Z" },
]

[[package]]
name = "loguru"
version = "0.7.3"
source = { registry = "https://pypi.org/simple" }
dependencies = [
    { name = "colorama", marker = "sys_platform == 'win32'" },
    { name = "win32-setctime", marker = "sys_platform == 'win32'" },
]
sdist = { url = "https://files.pythonhosted.org/packages/3a/05/a1dae3dffd1116099471c643b8924f5aa6524411dc6c63fdae648c4f1aca/loguru-0.7.3.tar.gz", hash = "sha256:19480589e77d47b8d85b2c827ad95d49bf31b0dcde16593892eb51dd18706eb6", size = 63559, upload-time = "2024-12-06T11:20:56.608Z" }
wheels = [
    { url = "https://files.pythonhosted.org/packages/0c/29/0348de65b8cc732daa3e33e67806420b2ae89bdce2b04af740289c5c6c8c/loguru-0.7.3-py3-none-any.whl", hash = "sha256:31a33c10c8e1e10422bfd431aeb5d351c7cf7fa671e3c4df004162264b28220c", size = 61595, upload-time = "2024-12-06T11:20:54.538Z" },
]

[[package]]
name = "markdown-it-py"
version = "4.2.0"
source = { registry = "https://pypi.org/simple" }
dependencies = [
    { name = "mdurl" },
]
sdist = { url = "https://files.pythonhosted.org/packages/06/ff/7841249c247aa650a76b9ee4bbaeae59370dc8bfd2f6c01f3630c35eb134/markdown_it_py-4.2.0.tar.gz", hash = "sha256:04a21681d6fbb623de53f6f364d352309d4094dd4194040a10fd51833e418d49", size = 82454, upload-time = "2026-05-07T12:08:28.36Z" }
wheels = [
    { url = "https://files.pythonhosted.org/packages/b3/81/4da04ced5a082363ecfa159c010d200ecbd959ae410c10c0264a38cac0f5/markdown_it_py-4.2.0-py3-none-any.whl", hash = "sha256:9f7ebbcd14fe59494226453aed97c1070d83f8d24b6fc3a3bcf9a38092641c4a", size = 91687, upload-time = "2026-05-07T12:08:27.182Z" },
]

[[package]]
name = "markupsafe"
version = "3.0.3"
source = { registry = "https://download.pytorch.org/whl/cu118" }
wheels = [
    { url = "https://download.pytorch.org/whl/markupsafe-3.0.3-cp312-cp312-macosx_11_0_arm64.whl", upload-time = "2026-03-27T13:54:33Z" },
    { url = "https://download.pytorch.org/whl/markupsafe-3.0.3-cp312-cp312-manylinux2014_aarch64.manylinux_2_17_aarch64.manylinux_2_28_aarch64.whl", upload-time = "2026-03-27T13:54:33Z" },
    { url = "https://download.pytorch.org/whl/markupsafe-3.0.3-cp312-cp312-manylinux2014_x86_64.manylinux_2_17_x86_64.manylinux_2_28_x86_64.whl", upload-time = "2026-03-27T13:54:35Z" },
    { url = "https://download.pytorch.org/whl/markupsafe-3.0.3-cp312-cp312-win_amd64.whl", upload-time = "2026-03-27T13:54:35Z" },
    { url = "https://download.pytorch.org/whl/markupsafe-3.0.3-cp313-cp313-macosx_11_0_arm64.whl", upload-time = "2026-03-27T13:54:35Z" },
    { url = "https://download.pytorch.org/whl/markupsafe-3.0.3-cp313-cp313-manylinux2014_aarch64.manylinux_2_17_aarch64.manylinux_2_28_aarch64.whl", upload-time = "2026-03-27T13:54:37Z" },
    { url = "https://download.pytorch.org/whl/markupsafe-3.0.3-cp313-cp313-manylinux2014_x86_64.manylinux_2_17_x86_64.manylinux_2_28_x86_64.whl", upload-time = "2026-03-27T13:54:37Z" },
    { url = "https://download.pytorch.org/whl/markupsafe-3.0.3-cp313-cp313-win_amd64.whl", upload-time = "2026-03-27T13:54:39Z" },
    { url = "https://download.pytorch.org/whl/markupsafe-3.0.3-cp313-cp313t-macosx_11_0_arm64.whl", upload-time = "2026-03-27T13:54:39Z" },
    { url = "https://download.pytorch.org/whl/markupsafe-3.0.3-cp313-cp313t-manylinux2014_aarch64.manylinux_2_17_aarch64.manylinux_2_28_aarch64.whl", upload-time = "2026-03-27T13:54:39Z" },
    { url = "https://download.pytorch.org/whl/markupsafe-3.0.3-cp313-cp313t-manylinux2014_x86_64.manylinux_2_17_x86_64.manylinux_2_28_x86_64.whl", upload-time = "2026-03-27T13:54:41Z" },
    { url = "https://download.pytorch.org/whl/markupsafe-3.0.3-cp313-cp313t-win_amd64.whl", upload-time = "2026-03-27T13:54:41Z" },
    { url = "https://download.pytorch.org/whl/markupsafe-3.0.3-cp314-cp314-macosx_11_0_arm64.whl", upload-time = "2026-02-23T16:46:37Z" },
    { url = "https://download.pytorch.org/whl/markupsafe-3.0.3-cp314-cp314-manylinux2014_aarch64.manylinux_2_17_aarch64.manylinux_2_28_aarch64.whl", upload-time = "2026-02-23T16:46:37Z" },
    { url = "https://download.pytorch.org/whl/markupsafe-3.0.3-cp314-cp314-manylinux2014_x86_64.manylinux_2_17_x86_64.manylinux_2_28_x86_64.whl", upload-time = "2026-02-23T16:46:37Z" },
    { url = "https://download.pytorch.org/whl/markupsafe-3.0.3-cp314-cp314-win_amd64.whl", upload-time = "2026-02-23T16:46:37Z" },
    { url = "https://download.pytorch.org/whl/markupsafe-3.0.3-cp314-cp314t-macosx_11_0_arm64.whl", upload-time = "2026-02-23T16:46:39Z" },
    { url = "https://download.pytorch.org/whl/markupsafe-3.0.3-cp314-cp314t-manylinux2014_aarch64.manylinux_2_17_aarch64.manylinux_2_28_aarch64.whl", upload-time = "2026-02-23T16:46:41Z" },
    { url = "https://download.pytorch.org/whl/markupsafe-3.0.3-cp314-cp314t-manylinux2014_x86_64.manylinux_2_17_x86_64.manylinux_2_28_x86_64.whl", upload-time = "2026-02-23T16:46:41Z" },
    { url = "https://download.pytorch.org/whl/markupsafe-3.0.3-cp314-cp314t-win_amd64.whl", upload-time = "2026-02-23T16:46:41Z" },
]

[[package]]
name = "mdurl"
version = "0.1.2"
source = { registry = "https://pypi.org/simple" }
sdist = { url = "https://files.pythonhosted.org/packages/d6/54/cfe61301667036ec958cb99bd3efefba235e65cdeb9c84d24a8293ba1d90/mdurl-0.1.2.tar.gz", hash = "sha256:bb413d29f5eea38f31dd4754dd7377d4465116fb207585f97bf925588687c1ba", size = 8729, upload-time = "2022-08-14T12:40:10.846Z" }
wheels = [
    { url = "https://files.pythonhosted.org/packages/b3/38/89ba8ad64ae25be8de66a6d463314cf1eb366222074cfda9ee839c56a4b4/mdurl-0.1.2-py3-none-any.whl", hash = "sha256:84008a41e51615a49fc9966191ff91509e3c40b939176e643fd50a5c2196b8f8", size = 9979, upload-time = "2022-08-14T12:40:09.779Z" },
]

[[package]]
name = "mpmath"
version = "1.3.0"
source = { registry = "https://download.pytorch.org/whl/cu118" }
sdist = { url = "https://files.pythonhosted.org/packages/e0/47/dd32fa426cc72114383ac549964eecb20ecfd886d1e5ccf5340b55b02f57/mpmath-1.3.0.tar.gz", hash = "sha256:7a28eb2a9774d00c7bc92411c19a89209d5da7c4c9a9e227be8330a23a25b91f" }
wheels = [
    { url = "https://files.pythonhosted.org/packages/43/e3/7d92a15f894aa0c9c4b49b8ee9ac9850d6e63b03c9c32c0367a13ae62209/mpmath-1.3.0-py3-none-any.whl", hash = "sha256:a0b2b9fe80bbcd81a6647ff13108738cfb482d481d826cc0e02f5b35e5c88d2c" },
]

[[package]]
name = "networkx"
version = "3.6.1"
source = { registry = "https://download.pytorch.org/whl/cu118" }
sdist = { url = "https://files.pythonhosted.org/packages/6a/51/63fe664f3908c97be9d2e4f1158eb633317598cfa6e1fc14af5383f17512/networkx-3.6.1.tar.gz", hash = "sha256:26b7c357accc0c8cde558ad486283728b65b6a95d85ee1cd66bafab4c8168509" }
wheels = [
    { url = "https://files.pythonhosted.org/packages/9e/c9/b2622292ea83fbb4ec318f5b9ab867d0a28ab43c5717bb85b0a5f6b3b0a4/networkx-3.6.1-py3-none-any.whl", hash = "sha256:d47fbf302e7d9cbbb9e2555a0d267983d2aa476bac30e90dfbe5669bd57f3762" },
]

[[package]]
name = "numpy"
version = "1.26.4"
source = { registry = "https://download.pytorch.org/whl/cu118" }
sdist = { url = "https://files.pythonhosted.org/packages/65/6e/09db70a523a96d25e115e71cc56a6f9031e7b8cd166c1ac8438307c14058/numpy-1.26.4.tar.gz", hash = "sha256:2a02aba9ed12e4ac4eb3ea9421c420301a0c6460d9830d74a9df87efa4912010" }
wheels = [
    { url = "https://files.pythonhosted.org/packages/95/12/8f2020a8e8b8383ac0177dc9570aad031a3beb12e38847f7129bacd96228/numpy-1.26.4-cp312-cp312-macosx_10_9_x86_64.whl", hash = "sha256:b3ce300f3644fb06443ee2222c2201dd3a89ea6040541412b8fa189341847218" },
    { url = "https://files.pythonhosted.org/packages/75/5b/ca6c8bd14007e5ca171c7c03102d17b4f4e0ceb53957e8c44343a9546dcc/numpy-1.26.4-cp312-cp312-macosx_11_0_arm64.whl", hash = "sha256:03a8c78d01d9781b28a6989f6fa1bb2c4f2d51201cf99d3dd875df6fbd96b23b" },
    { url = "https://files.pythonhosted.org/packages/79/f8/97f10e6755e2a7d027ca783f63044d5b1bc1ae7acb12afe6a9b4286eac17/numpy-1.26.4-cp312-cp312-manylinux_2_17_aarch64.manylinux2014_aarch64.whl", hash = "sha256:9fad7dcb1aac3c7f0584a5a8133e3a43eeb2fe127f47e3632d43d677c66c102b" },
    { url = "https://files.pythonhosted.org/packages/0f/50/de23fde84e45f5c4fda2488c759b69990fd4512387a8632860f3ac9cd225/numpy-1.26.4-cp312-cp312-manylinux_2_17_x86_64.manylinux2014_x86_64.whl", hash = "sha256:675d61ffbfa78604709862923189bad94014bef562cc35cf61d3a07bba02a7ed" },
    { url = "https://files.pythonhosted.org/packages/4c/0c/9c603826b6465e82591e05ca230dfc13376da512b25ccd0894709b054ed0/numpy-1.26.4-cp312-cp312-musllinux_1_1_aarch64.whl", hash = "sha256:ab47dbe5cc8210f55aa58e4805fe224dac469cde56b9f731a4c098b91917159a" },
    { url = "https://files.pythonhosted.org/packages/76/8c/2ba3902e1a0fc1c74962ea9bb33a534bb05984ad7ff9515bf8d07527cadd/numpy-1.26.4-cp312-cp312-musllinux_1_1_x86_64.whl", hash = "sha256:1dda2e7b4ec9dd512f84935c5f126c8bd8b9f2fc001e9f54af255e8c5f16b0e0" },
    { url = "https://files.pythonhosted.org/packages/28/4a/46d9e65106879492374999e76eb85f87b15328e06bd1550668f79f7b18c6/numpy-1.26.4-cp312-cp312-win32.whl", hash = "sha256:50193e430acfc1346175fcbdaa28ffec49947a06918b7b92130744e81e640110" },
    { url = "https://files.pythonhosted.org/packages/16/2e/86f24451c2d530c88daf997cb8d6ac622c1d40d19f5a031ed68a4b73a374/numpy-1.26.4-cp312-cp312-win_amd64.whl", hash = "sha256:08beddf13648eb95f8d867350f6a018a4be2e5ad54c8d8caed89ebca558b2818" },
]

[[package]]
name = "nvidia-cublas-cu11"
version = "11.11.3.6"
source = { registry = "https://download.pytorch.org/whl/cu118" }
wheels = [
    { url = "https://download.pytorch.org/whl/cu118/nvidia_cublas_cu11-11.11.3.6-py3-none-manylinux1_x86_64.whl", hash = "sha256:39fb40e8f486dd8a2ddb8fdeefe1d5b28f5b99df01c87ab3676f057a74a5a6f3", upload-time = "2024-01-29T18:37:42Z" },
]

[[package]]
name = "nvidia-cuda-cupti-cu11"
version = "11.8.87"
source = { registry = "https://download.pytorch.org/whl/cu118" }
wheels = [
    { url = "https://download.pytorch.org/whl/cu118/nvidia_cuda_cupti_cu11-11.8.87-py3-none-manylinux1_x86_64.whl", hash = "sha256:0e50c707df56c75a2c0703dc6b886f3c97a22f37d6f63839f75b7418ba672a8d", upload-time = "2024-01-29T18:37:53Z" },
]

[[package]]
name = "nvidia-cuda-nvrtc-cu11"
version = "11.8.89"
source = { registry = "https://download.pytorch.org/whl/cu118" }
wheels = [
    { url = "https://download.pytorch.org/whl/cu118/nvidia_cuda_nvrtc_cu11-11.8.89-py3-none-manylinux1_x86_64.whl", hash = "sha256:1f27d67b0f72902e9065ae568b4f6268dfe49ba3ed269c9a3da99bb86d1d2008", upload-time = "2024-01-29T18:37:53Z" },
]

[[package]]
name = "nvidia-cuda-runtime-cu11"
version = "11.8.89"
source = { registry = "https://download.pytorch.org/whl/cu118" }
wheels = [
    { url = "https://download.pytorch.org/whl/cu118/nvidia_cuda_runtime_cu11-11.8.89-py3-none-manylinux1_x86_64.whl", hash = "sha256:f587bd726eb2f7612cf77ce38a2c1e65cf23251ff49437f6161ce0d647f64f7c", upload-time = "2024-01-29T18:37:54Z" },
]

[[package]]
name = "nvidia-cudnn-cu11"
version = "8.7.0.84"
source = { registry = "https://download.pytorch.org/whl/cu118" }
dependencies = [
    { name = "nvidia-cublas-cu11" },
]
wheels = [
    { url = "https://download.pytorch.org/whl/cu118/nvidia_cudnn_cu11-8.7.0.84-py3-none-manylinux1_x86_64.whl", hash = "sha256:b3e062498fbbb1c1930435a6a454c1b41c903e1e65b7063bd2b4021e8285408e" },
]

[[package]]
name = "nvidia-cufft-cu11"
version = "10.9.0.58"
source = { registry = "https://download.pytorch.org/whl/cu118" }
wheels = [
    { url = "https://download.pytorch.org/whl/cu118/nvidia_cufft_cu11-10.9.0.58-py3-none-manylinux1_x86_64.whl", hash = "sha256:222f9da70c80384632fd6035e4c3f16762d64ea7a843829cb278f98b3cb7dd81", upload-time = "2024-01-29T18:38:13Z" },
]

[[package]]
name = "nvidia-curand-cu11"
version = "10.3.0.86"
source = { registry = "https://download.pytorch.org/whl/cu118" }
wheels = [
    { url = "https://download.pytorch.org/whl/cu118/nvidia_curand_cu11-10.3.0.86-py3-none-manylinux1_x86_64.whl", hash = "sha256:ac439548c88580269a1eb6aeb602a5aed32f0dbb20809a31d9ed7d01d77f6bf5", upload-time = "2024-01-29T18:38:18Z" },
]

[[package]]
name = "nvidia-cusolver-cu11"
version = "11.4.1.48"
source = { registry = "https://download.pytorch.org/whl/cu118" }
dependencies = [
    { name = "nvidia-cublas-cu11" },
]
wheels = [
    { url = "https://download.pytorch.org/whl/cu118/nvidia_cusolver_cu11-11.4.1.48-py3-none-manylinux1_x86_64.whl", hash = "sha256:ca538f545645b7e6629140786d3127fe067b3d5a085bd794cde5bfe877c8926f", upload-time = "2024-01-29T18:38:20Z" },
]

[[package]]
name = "nvidia-cusparse-cu11"
version = "11.7.5.86"
source = { registry = "https://download.pytorch.org/whl/cu118" }
wheels = [
    { url = "https://download.pytorch.org/whl/cu118/nvidia_cusparse_cu11-11.7.5.86-py3-none-manylinux1_x86_64.whl", hash = "sha256:4ae709fe78d3f23f60acaba8c54b8ad556cf16ca486e0cc1aa92dca7555d2d2b", upload-time = "2024-01-29T18:38:23Z" },
]

[[package]]
name = "nvidia-nccl-cu11"
version = "2.19.3"
source = { registry = "https://download.pytorch.org/whl/cu118" }
wheels = [
    { url = "https://download.pytorch.org/whl/cu118/nvidia_nccl_cu11-2.19.3-py3-none-manylinux1_x86_64.whl", hash = "sha256:7c58afbeddf7f7c6b7dd7d84a7f4e85462610ee0c656287388b96d89dcf046d5", upload-time = "2024-01-29T18:38:34Z" },
]

[[package]]
name = "nvidia-nvtx-cu11"
version = "11.8.86"
source = { registry = "https://download.pytorch.org/whl/cu118" }
wheels = [
    { url = "https://download.pytorch.org/whl/cu118/nvidia_nvtx_cu11-11.8.86-py3-none-manylinux1_x86_64.whl", hash = "sha256:890656d8bd9b4e280231c832e1f0d03459200ba4824ddda3dcb59b1e1989b9f5", upload-time = "2024-01-29T18:38:38Z" },
]

[[package]]
name = "pygments"
version = "2.20.0"
source = { registry = "https://pypi.org/simple" }
sdist = { url = "https://files.pythonhosted.org/packages/c3/b2/bc9c9196916376152d655522fdcebac55e66de6603a76a02bca1b6414f6c/pygments-2.20.0.tar.gz", hash = "sha256:6757cd03768053ff99f3039c1a36d6c0aa0b263438fcab17520b30a303a82b5f", size = 4955991, upload-time = "2026-03-29T13:29:33.898Z" }
wheels = [
    { url = "https://files.pythonhosted.org/packages/f4/7e/a72dd26f3b0f4f2bf1dd8923c85f7ceb43172af56d63c7383eb62b332364/pygments-2.20.0-py3-none-any.whl", hash = "sha256:81a9e26dd42fd28a23a2d169d86d7ac03b46e2f8b59ed4698fb4785f946d0176", size = 1231151, upload-time = "2026-03-29T13:29:30.038Z" },
]

[[package]]
name = "python-dotenv"
version = "1.2.2"
source = { registry = "https://pypi.org/simple" }
sdist = { url = "https://files.pythonhosted.org/packages/82/ed/0301aeeac3e5353ef3d94b6ec08bbcabd04a72018415dcb29e588514bba8/python_dotenv-1.2.2.tar.gz", hash = "sha256:2c371a91fbd7ba082c2c1dc1f8bf89ca22564a087c2c287cd9b662adde799cf3", size = 50135, upload-time = "2026-03-01T16:00:26.196Z" }
wheels = [
    { url = "https://files.pythonhosted.org/packages/0b/d7/1959b9648791274998a9c3526f6d0ec8fd2233e4d4acce81bbae76b44b2a/python_dotenv-1.2.2-py3-none-any.whl", hash = "sha256:1d8214789a24de455a8b8bd8ae6fe3c6b69a5e3d64aa8a8e5d68e694bbcb285a", size = 22101, upload-time = "2026-03-01T16:00:25.09Z" },
]

[[package]]
name = "rich"
version = "15.0.0"
source = { registry = "https://pypi.org/simple" }
dependencies = [
    { name = "markdown-it-py" },
    { name = "pygments" },
]
sdist = { url = "https://files.pythonhosted.org/packages/c0/8f/0722ca900cc807c13a6a0c696dacf35430f72e0ec571c4275d2371fca3e9/rich-15.0.0.tar.gz", hash = "sha256:edd07a4824c6b40189fb7ac9bc4c52536e9780fbbfbddf6f1e2502c31b068c36", size = 230680, upload-time = "2026-04-12T08:24:00.75Z" }
wheels = [
    { url = "https://files.pythonhosted.org/packages/82/3b/64d4899d73f91ba49a8c18a8ff3f0ea8f1c1d75481760df8c68ef5235bf5/rich-15.0.0-py3-none-any.whl", hash = "sha256:33bd4ef74232fb73fe9279a257718407f169c09b78a87ad3d296f548e27de0bb", size = 310654, upload-time = "2026-04-12T08:24:02.83Z" },
]

[[package]]
name = "shellingham"
version = "1.5.4"
source = { registry = "https://pypi.org/simple" }
sdist = { url = "https://files.pythonhosted.org/packages/58/15/8b3609fd3830ef7b27b655beb4b4e9c62313a4e8da8c676e142cc210d58e/shellingham-1.5.4.tar.gz", hash = "sha256:8dbca0739d487e5bd35ab3ca4b36e11c4078f3a234bfce294b0a0291363404de", size = 10310, upload-time = "2023-10-24T04:13:40.426Z" }
wheels = [
    { url = "https://files.pythonhosted.org/packages/e0/f9/0595336914c5619e5f28a1fb793285925a8cd4b432c9da0a987836c7f822/shellingham-1.5.4-py2.py3-none-any.whl", hash = "sha256:7ecfff8f2fd72616f7481040475a65b2bf8af90a56c89140852d1120324e8686", size = 9755, upload-time = "2023-10-24T04:13:38.866Z" },
]

[[package]]
name = "sympy"
version = "1.14.0"
source = { registry = "https://download.pytorch.org/whl/cu118" }
dependencies = [
    { name = "mpmath" },
]
sdist = { url = "https://files.pythonhosted.org/packages/83/d3/803453b36afefb7c2bb238361cd4ae6125a569b4db67cd9e79846ba2d68c/sympy-1.14.0.tar.gz", hash = "sha256:d3d3fe8df1e5a0b42f0e7bdf50541697dbe7d23746e894990c030e2b05e72517" }
wheels = [
    { url = "https://files.pythonhosted.org/packages/a2/09/77d55d46fd61b4a135c444fc97158ef34a095e5681d0a6c10b75bf356191/sympy-1.14.0-py3-none-any.whl", hash = "sha256:e091cc3e99d2141a0ba2847328f5479b05d94a6635cb96148ccb3f34671bd8f5" },
]

[[package]]
name = "torch"
version = "2.2.2+cu118"
source = { registry = "https://download.pytorch.org/whl/cu118" }
dependencies = [
    { name = "filelock" },
    { name = "fsspec" },
    { name = "jinja2" },
    { name = "networkx" },
    { name = "nvidia-cublas-cu11", marker = "platform_machine == 'x86_64' and sys_platform == 'linux'" },
    { name = "nvidia-cuda-cupti-cu11", marker = "platform_machine == 'x86_64' and sys_platform == 'linux'" },
    { name = "nvidia-cuda-nvrtc-cu11", marker = "platform_machine == 'x86_64' and sys_platform == 'linux'" },
    { name = "nvidia-cuda-runtime-cu11", marker = "platform_machine == 'x86_64' and sys_platform == 'linux'" },
    { name = "nvidia-cudnn-cu11", marker = "platform_machine == 'x86_64' and sys_platform == 'linux'" },
    { name = "nvidia-cufft-cu11", marker = "platform_machine == 'x86_64' and sys_platform == 'linux'" },
    { name = "nvidia-curand-cu11", marker = "platform_machine == 'x86_64' and sys_platform == 'linux'" },
    { name = "nvidia-cusolver-cu11", marker = "platform_machine == 'x86_64' and sys_platform == 'linux'" },
    { name = "nvidia-cusparse-cu11", marker = "platform_machine == 'x86_64' and sys_platform == 'linux'" },
    { name = "nvidia-nccl-cu11", marker = "platform_machine == 'x86_64' and sys_platform == 'linux'" },
    { name = "nvidia-nvtx-cu11", marker = "platform_machine == 'x86_64' and sys_platform == 'linux'" },
    { name = "sympy" },
    { name = "typing-extensions" },
]
wheels = [
    { url = "https://download-r2.pytorch.org/whl/cu118/torch-2.2.2%2Bcu118-cp312-cp312-linux_x86_64.whl", hash = "sha256:c0fa31b79d2c06012422e4ed4ed08a86179615463647ac5c44c8f6abef1d4aec", upload-time = "2024-03-28T15:26:16Z" },
    { url = "https://download-r2.pytorch.org/whl/cu118/torch-2.2.2%2Bcu118-cp312-cp312-win_amd64.whl", hash = "sha256:2e32a36a5363c7a9acf058e24442e4033a3fb128de4a90cb0f16baf6681c89f7", upload-time = "2024-03-28T15:26:43Z" },
]

[[package]]
name = "typer"
version = "0.25.1"
source = { registry = "https://pypi.org/simple" }
dependencies = [
    { name = "annotated-doc" },
    { name = "click" },
    { name = "rich" },
    { name = "shellingham" },
]
sdist = { url = "https://files.pythonhosted.org/packages/e4/51/9aed62104cea109b820bbd6c14245af756112017d309da813ef107d42e7e/typer-0.25.1.tar.gz", hash = "sha256:9616eb8853a09ffeabab1698952f33c6f29ffdbceb4eaeecf571880e8d7664cc", size = 122276, upload-time = "2026-04-30T19:32:16.964Z" }
wheels = [
    { url = "https://files.pythonhosted.org/packages/3f/f9/2b3ff4e56e5fa7debfaf9eb135d0da96f3e9a1d5b27222223c7296336e5f/typer-0.25.1-py3-none-any.whl", hash = "sha256:75caa44ed46a03fb2dab8808753ffacdbfea88495e74c85a28c5eefcf5f39c89", size = 58409, upload-time = "2026-04-30T19:32:18.271Z" },
]

[[package]]
name = "typing-extensions"
version = "4.15.0"
source = { registry = "https://download.pytorch.org/whl/cu118" }
wheels = [
    { url = "https://download.pytorch.org/whl/typing_extensions-4.15.0-py3-none-any.whl" },
]

[[package]]
name = "win32-setctime"
version = "1.2.0"
source = { registry = "https://pypi.org/simple" }
sdist = { url = "https://files.pythonhosted.org/packages/b3/8f/705086c9d734d3b663af0e9bb3d4de6578d08f46b1b101c2442fd9aecaa2/win32_setctime-1.2.0.tar.gz", hash = "sha256:ae1fdf948f5640aae05c511ade119313fb6a30d7eabe25fef9764dca5873c4c0", size = 4867, upload-time = "2024-12-07T15:28:28.314Z" }
wheels = [
    { url = "https://files.pythonhosted.org/packages/e1/07/c6fe3ad3e685340704d314d765b7912993bcb8dc198f0e7a89382d37974b/win32_setctime-1.2.0-py3-none-any.whl", hash = "sha256:95d644c4e708aba81dc3704a116d8cbc974d70b3bdb8be1d150e36be6e9d1390", size = 4083, upload-time = "2024-12-07T15:28:26.465Z" },
]
